{
  "name": "minimal",
  "version": "1.0.0",
  "lockfileVersion": 3,
  "requires": true,
  "packages": {
    "": {
      "name": "minimal",
      "version": "1.0.0",
      "license": "ISC",
      "dependencies": {
        "@novorender/api": "^0.0.26"
      },
      "devDependencies": {
        "typescript": "^5.2.2"
      }
    },
    "node_modules/@novorender/api": {
      "version": "0.0.26",
      "resolved": "https://registry.npmjs.org/@novorender/api/-/api-0.0.26.tgz",
      "integrity": "sha512-xatrUpjwaK6PVTOHp3TLAypOCVCLo/7AiHS/If/GOHyXv4KdrcnSAupy30JmqhxnqGmyNR1aNa4UsnM42CknTA==",
      "peerDependencies": {
        "gl-matrix": "^3.4.3",
        "tslib": "^2.6.1",
        "typescript": "^5.1.6"
      }
    },
    "node_modules/gl-matrix": {
      "version": "3.4.3",
      "resolved": "https://registry.npmjs.org/gl-matrix/-/gl-matrix-3.4.3.tgz",
      "integrity": "sha512-wcCp8vu8FT22BnvKVPjXa/ICBWRq/zjFfdofZy1WSpQZpphblv12/bOQLBC1rMM7SGOFS9ltVmKOHil5+Ml7gA==",
      "peer": true
    },
    "node_modules/tslib": {
      "version": "2.6.2",
      "resolved": "https://registry.npmjs.org/tslib/-/tslib-2.6.2.tgz",
      "integrity": "sha512-AEYxH93jGFPn/a2iVAwW87VuUIkR1FVUKB77NwMF7nBTDkDrrT/Hpt/IrCJ0QXhW27jTBDcf5ZY7w6RiqTMw2Q==",
      "peer": true
    },
    "node_modules/typescript": {
      "version": "5.2.2",
      "resolved": "https://registry.npmjs.org/typescript/-/typescript-5.2.2.tgz",
      "integrity": "sha512-mI4WrpHsbCIcwT9cF4FZvr80QUeKvsUsUvKDoR+X/7XHQH98xYD8YHZg7ANtz2GtZt/CBq2QJ0thkGJMHfqc1w==",
      "bin": {
        "tsc": "bin/tsc",
        "tsserver": "bin/tsserver"
      },
      "engines": {
        "node": ">=14.17"
      }
    }
  }
}
